SITE
  remote: https://supermarket.getchef.com/api/v1
  specs:
    apache2 (3.0.1)
      iptables (>= 0.0.0)
      logrotate (>= 0.0.0)
    apt (2.6.1)
    apt-upgrade-once (0.1.0)
    apticron (0.2.0)
    bluepill (2.3.1)
      rsyslog (>= 0.0.0)
    build-essential (2.1.3)
    chef-sugar (2.5.0)
    chef_gem (0.1.0)
    chef_handler (1.1.6)
    database (4.0.3)
      postgresql (>= 1.0.0)
    dmg (2.2.2)
    git (4.1.0)
      build-essential (>= 0.0.0)
      dmg (>= 0.0.0)
      runit (>= 1.0)
      windows (>= 0.0.0)
      yum (~> 3.0)
      yum-epel (>= 0.0.0)
    imagemagick (0.2.3)
    iptables (0.14.1)
    locale (1.0.2)
    logrotate (1.8.0)
    nginx (2.7.4)
      apt (~> 2.2)
      bluepill (~> 2.3)
      build-essential (~> 2.0)
      ohai (~> 2.0)
      runit (~> 1.2)
      yum-epel (~> 0.3)
    ohai (2.0.1)
    openssl (4.0.0)
      chef-sugar (>= 0.0.0)
    postgis (0.3.0)
      apt (>= 0.0.0)
      postgresql (>= 0.0.0)
      yum (>= 0.0.0)
    postgresql (3.4.18)
      apt (>= 1.9.0)
      build-essential (>= 0.0.0)
      openssl (~> 4.0.0)
    rsyslog (1.15.0)
    runit (1.5.16)
      build-essential (>= 0.0.0)
      yum (~> 3.0)
      yum-epel (>= 0.0.0)
    swap (0.3.8)
    timezone-ii (0.2.0)
    windows (1.36.6)
      chef_handler (>= 0.0.0)
    yum (3.5.3)
    yum-epel (0.6.0)
      yum (~> 3.0)

GIT
  remote: https://github.com/chrisbloom7/chef-rvm_passenger
  ref: master
  sha: eee744c42b1923f8a723f628871ba3572c8d1a15
  specs:
    rvm_passenger (0.8.3)
      apache2 (>= 1.1.8)
      nginx (>= 0.101.0)
      rvm (>= 0.8.0)

GIT
  remote: https://github.com/fnichol/chef-rvm
  ref: 7e1d452eeda083c1048ea94d513b58df78ad5350
  sha: 7e1d452eeda083c1048ea94d513b58df78ad5350
  specs:
    rvm (0.10.1)
      chef_gem (>= 0.0.0)

DEPENDENCIES
  apache2 (~> 3.0.1)
  apt (~> 2.6.1)
  apt-upgrade-once (~> 0.1.0)
  apticron (~> 0.2.0)
  build-essential (~> 2.1.3)
  database (~> 4.0.3)
  git (~> 4.1.0)
  imagemagick (~> 0.2.3)
  locale (~> 1.0.2)
  logrotate (~> 1.8.0)
  postgis (~> 0.3.0)
  postgresql (~> 3.4.14)
  rvm (>= 0)
  rvm_passenger (>= 0)
  swap (~> 0.3.8)
  timezone-ii (~> 0.2.0)

